
Microsoft Visual Studio Solution File, Format Version 12.00
# Visual Studio Version 17
VisualStudioVersion = 17.14.36414.22 d17.14
MinimumVisualStudioVersion = 10.0.40219.1
Project("{FAE04EC0-301F-11D3-BF4B-00C04F79EFBC}") = "Sistema_Ventas_Inventario", "Sistema_Ventas_Inventario\Sistema_Ventas_Inventario.csproj", "{2514A9F9-E4B3-48DB-BC61-6505905F8E52}"
EndProject
Global
	GlobalSection(SolutionConfigurationPlatforms) = preSolution
		Debug|Any CPU = Debug|Any CPU
		Release|Any CPU = Release|Any CPU
	EndGlobalSection
	GlobalSection(ProjectConfigurationPlatforms) = postSolution
		{2514A9F9-E4B3-48DB-BC61-6505905F8E52}.Debug|Any CPU.ActiveCfg = Debug|Any CPU
		{2514A9F9-E4B3-48DB-BC61-6505905F8E52}.Debug|Any CPU.Build.0 = Debug|Any CPU
		{2514A9F9-E4B3-48DB-BC61-6505905F8E52}.Release|Any CPU.ActiveCfg = Release|Any CPU
		{2514A9F9-E4B3-48DB-BC61-6505905F8E52}.Release|Any CPU.Build.0 = Release|Any CPU
	EndGlobalSection
	GlobalSection(SolutionProperties) = preSolution
		HideSolutionNode = FALSE
	EndGlobalSection
	GlobalSection(ExtensibilityGlobals) = postSolution
		SolutionGuid = {D5DE1132-CC8B-4745-B490-5C154AD34382}
	EndGlobalSection
EndGlobal
